// !$*UTF8*$!
{
	archiveVersion = 1;
	classes = {
	};
	objectVersion = 56;
	objects = {

/* Begin PBXBuildFile section */
		22F887F52C7BF6F60082FB54 /* AppDelegate.swift in Sources */ = {isa = PBXBuildFile; fileRef = 22F887F42C7BF6F60082FB54 /* AppDelegate.swift */; };
		22F887F72C7BF6F60082FB54 /* SceneDelegate.swift in Sources */ = {isa = PBXBuildFile; fileRef = 22F887F62C7BF6F60082FB54 /* SceneDelegate.swift */; };
		22F887F92C7BF6F60082FB54 /* ViewController.swift in Sources */ = {isa = PBXBuildFile; fileRef = 22F887F82C7BF6F60082FB54 /* ViewController.swift */; };
		22F887FC2C7BF6F60082FB54 /* Base in Resources */ = {isa = PBXBuildFile; fileRef = 22F887FB2C7BF6F60082FB54 /* Base */; };
		22F887FE2C7BF6F70082FB54 /* Assets.xcassets in Resources */ = {isa = PBXBuildFile; fileRef = 22F887FD2C7BF6F70082FB54 /* Assets.xcassets */; };
		22F888012C7BF6F70082FB54 /* Base in Resources */ = {isa = PBXBuildFile; fileRef = 22F888002C7BF6F70082FB54 /* Base */; };
		22F8880C2C7BF6F70082FB54 /* Camera_AppTests.swift in Sources */ = {isa = PBXBuildFile; fileRef = 22F8880B2C7BF6F70082FB54 /* Camera_AppTests.swift */; };
		22F888162C7BF6F70082FB54 /* Camera_AppUITests.swift in Sources */ = {isa = PBXBuildFile; fileRef = 22F888152C7BF6F70082FB54 /* Camera_AppUITests.swift */; };
		22F888182C7BF6F70082FB54 /* Camera_AppUITestsLaunchTests.swift in Sources */ = {isa = PBXBuildFile; fileRef = 22F888172C7BF6F70082FB54 /* Camera_AppUITestsLaunchTests.swift */; };
/* End PBXBuildFile section */

/* Begin PBXContainerItemProxy section */
		22F888082C7BF6F70082FB54 /* PBXContainerItemProxy */ = {
			isa = PBXContainerItemProxy;
			containerPortal = 22F887E92C7BF6F60082FB54 /* Project object */;
			proxyType = 1;
			remoteGlobalIDString = 22F887F02C7BF6F60082FB54;
			remoteInfo = "Camera App";
		};
		22F888122C7BF6F70082FB54 /* PBXContainerItemProxy */ = {
			isa = PBXContainerItemProxy;
			containerPortal = 22F887E92C7BF6F60082FB54 /* Project object */;
			proxyType = 1;
			remoteGlobalIDString = 22F887F02C7BF6F60082FB54;
			remoteInfo = "Camera App";
		};
/* End PBXContainerItemProxy section */

/* Begin PBXFileReference section */
		22F887F12C7BF6F60082FB54 /* Camera App.app */ = {isa = PBXFileReference; explicitFileType = wrapper.application; includeInIndex = 0; path = "Camera App.app"; sourceTree = BUILT_PRODUCTS_DIR; };
		22F887F42C7BF6F60082FB54 /* AppDelegate.swift */ = {isa = PBXFileReference; lastKnownFileType = sourcecode.swift; path = AppDelegate.swift; sourceTree = "<group>"; };
		22F887F62C7BF6F60082FB54 /* SceneDelegate.swift */ = {isa = PBXFileReference; lastKnownFileType = sourcecode.swift; path = SceneDelegate.swift; sourceTree = "<group>"; };
		22F887F82C7BF6F60082FB54 /* ViewController.swift */ = {isa = PBXFileReference; lastKnownFileType = sourcecode.swift; path = ViewController.swift; sourceTree = "<group>"; };
		22F887FB2C7BF6F60082FB54 /* Base */ = {isa = PBXFileReference; lastKnownFileType = file.storyboard; name = Base; path = Base.lproj/Main.storyboard; sourceTree = "<group>"; };
		22F887FD2C7BF6F70082FB54 /* Assets.xcassets */ = {isa = PBXFileReference; lastKnownFileType = folder.assetcatalog; path = Assets.xcassets; sourceTree = "<group>"; };
		22F888002C7BF6F70082FB54 /* Base */ = {isa = PBXFileReference; lastKnownFileType = file.storyboard; name = Base; path = Base.lproj/LaunchScreen.storyboard; sourceTree = "<group>"; };
		22F888022C7BF6F70082FB54 /* Info.plist */ = {isa = PBXFileReference; lastKnownFileType = text.plist.xml; path = Info.plist; sourceTree = "<group>"; };
		22F888072C7BF6F70082FB54 /* Camera AppTests.xctest */ = {isa = PBXFileReference; explicitFileType = wrapper.cfbundle; includeInIndex = 0; path = "Camera AppTests.xctest"; sourceTree = BUILT_PRODUCTS_DIR; };
		22F8880B2C7BF6F70082FB54 /* Camera_AppTests.swift */ = {isa = PBXFileReference; lastKnownFileType = sourcecode.swift; path = Camera_AppTests.swift; sourceTree = "<group>"; };
		22F888112C7BF6F70082FB54 /* Camera AppUITests.xctest */ = {isa = PBXFileReference; explicitFileType = wrapper.cfbundle; includeInIndex = 0; path = "Camera AppUITests.xctest"; sourceTree = BUILT_PRODUCTS_DIR; };
		22F888152C7BF6F70082FB54 /* Camera_AppUITests.swift */ = {isa = PBXFileReference; lastKnownFileType = sourcecode.swift; path = Camera_AppUITests.swift; sourceTree = "<group>"; };
		22F888172C7BF6F70082FB54 /* Camera_AppUITestsLaunchTests.swift */ = {isa = PBXFileReference; lastKnownFileType = sourcecode.swift; path = Camera_AppUITestsLaunchTests.swift; sourceTree = "<group>"; };
/* End PBXFileReference section */

/* Begin PBXFrameworksBuildPhase section */
		22F887EE2C7BF6F60082FB54 /* Frameworks */ = {
			isa = PBXFrameworksBuildPhase;
			buildActionMask = 2147483647;
			files = (
			);
			runOnlyForDeploymentPostprocessing = 0;
		};
		22F888042C7BF6F70082FB54 /* Frameworks */ = {
			isa = PBXFrameworksBuildPhase;
			buildActionMask = 2147483647;
			files = (
			);
			runOnlyForDeploymentPostprocessing = 0;
		};
		22F8880E2C7BF6F70082FB54 /* Frameworks */ = {
			isa = PBXFrameworksBuildPhase;
			buildActionMask = 2147483647;
			files = (
			);
			runOnlyForDeploymentPostprocessing = 0;
		};
/* End PBXFrameworksBuildPhase section */

/* Begin PBXGroup section */
		22F887E82C7BF6F60082FB54 = {
			isa = PBXGroup;
			children = (
				22F887F32C7BF6F60082FB54 /* Camera App */,
				22F8880A2C7BF6F70082FB54 /* Camera AppTests */,
				22F888142C7BF6F70082FB54 /* Camera AppUITests */,
				22F887F22C7BF6F60082FB54 /* Products */,
			);
			sourceTree = "<group>";
		};
		22F887F22C7BF6F60082FB54 /* Products */ = {
			isa = PBXGroup;
			children = (
				22F887F12C7BF6F60082FB54 /* Camera App.app */,
				22F888072C7BF6F70082FB54 /* Camera AppTests.xctest */,
				22F888112C7BF6F70082FB54 /* Camera AppUITests.xctest */,
			);
			name = Products;
			sourceTree = "<group>";
		};
		22F887F32C7BF6F60082FB54 /* Camera App */ = {
			isa = PBXGroup;
			children = (
				22F887F42C7BF6F60082FB54 /* AppDelegate.swift */,
				22F887F62C7BF6F60082FB54 /* SceneDelegate.swift */,
				22F887F82C7BF6F60082FB54 /* ViewController.swift */,
				22F887FA2C7BF6F60082FB54 /* Main.storyboard */,
				22F887FD2C7BF6F70082FB54 /* Assets.xcassets */,
				22F887FF2C7BF6F70082FB54 /* LaunchScreen.storyboard */,
				22F888022C7BF6F70082FB54 /* Info.plist */,
			);
			path = "Camera App";
			sourceTree = "<group>";
		};
		22F8880A2C7BF6F70082FB54 /* Camera AppTests */ = {
			isa = PBXGroup;
			children = (
				22F8880B2C7BF6F70082FB54 /* Camera_AppTests.swift */,
			);
			path = "Camera AppTests";
			sourceTree = "<group>";
		};
		22F888142C7BF6F70082FB54 /* Camera AppUITests */ = {
			isa = PBXGroup;
			children = (
				22F888152C7BF6F70082FB54 /* Camera_AppUITests.swift */,
				22F888172C7BF6F70082FB54 /* Camera_AppUITestsLaunchTests.swift */,
			);
			path = "Camera AppUITests";
			sourceTree = "<group>";
		};
/* End PBXGroup section */

/* Begin PBXNativeTarget section */
		22F887F02C7BF6F60082FB54 /* Camera App */ = {
			isa = PBXNativeTarget;
			buildConfigurationList = 22F8881B2C7BF6F70082FB54 /* Build configuration list for PBXNativeTarget "Camera App" */;
			buildPhases = (
				22F887ED2C7BF6F60082FB54 /* Sources */,
				22F887EE2C7BF6F60082FB54 /* Frameworks */,
				22F887EF2C7BF6F60082FB54 /* Resources */,
			);
			buildRules = (
			);
			dependencies = (
			);
			name = "Camera App";
			productName = "Camera App";
			productReference = 22F887F12C7BF6F60082FB54 /* Camera App.app */;
			productType = "com.apple.product-type.application";
		};
		22F888062C7BF6F70082FB54 /* Camera AppTests */ = {
			isa = PBXNativeTarget;
			buildConfigurationList = 22F8881E2C7BF6F70082FB54 /* Build configuration list for PBXNativeTarget "Camera AppTests" */;
			buildPhases = (
				22F888032C7BF6F70082FB54 /* Sources */,
				22F888042C7BF6F70082FB54 /* Frameworks */,
				22F888052C7BF6F70082FB54 /* Resources */,
			);
			buildRules = (
			);
			dependencies = (
				22F888092C7BF6F70082FB54 /* PBXTargetDependency */,
			);
			name = "Camera AppTests";
			productName = "Camera AppTests";
			productReference = 22F888072C7BF6F70082FB54 /* Camera AppTests.xctest */;
			productType = "com.apple.product-type.bundle.unit-test";
		};
		22F888102C7BF6F70082FB54 /* Camera AppUITests */ = {
			isa = PBXNativeTarget;
			buildConfigurationList = 22F888212C7BF6F70082FB54 /* Build configuration list for PBXNativeTarget "Camera AppUITests" */;
			buildPhases = (
				22F8880D2C7BF6F70082FB54 /* Sources */,
				22F8880E2C7BF6F70082FB54 /* Frameworks */,
				22F8880F2C7BF6F70082FB54 /* Resources */,
			);
			buildRules = (
			);
			dependencies = (
				22F888132C7BF6F70082FB54 /* PBXTargetDependency */,
			);
			name = "Camera AppUITests";
			productName = "Camera AppUITests";
			productReference = 22F888112C7BF6F70082FB54 /* Camera AppUITests.xctest */;
			productType = "com.apple.product-type.bundle.ui-testing";
		};
/* End PBXNativeTarget section */

/* Begin PBXProject section */
		22F887E92C7BF6F60082FB54 /* Project object */ = {
			isa = PBXProject;
			attributes = {
				BuildIndependentTargetsInParallel = 1;
				LastSwiftUpdateCheck = 1530;
				LastUpgradeCheck = 1530;
				TargetAttributes = {
					22F887F02C7BF6F60082FB54 = {
						CreatedOnToolsVersion = 15.3;
					};
					22F888062C7BF6F70082FB54 = {
						CreatedOnToolsVersion = 15.3;
						TestTargetID = 22F887F02C7BF6F60082FB54;
					};
					22F888102C7BF6F70082FB54 = {
						CreatedOnToolsVersion = 15.3;
						TestTargetID = 22F887F02C7BF6F60082FB54;
					};
				};
			};
			buildConfigurationList = 22F887EC2C7BF6F60082FB54 /* Build configuration list for PBXProject "Camera App" */;
			compatibilityVersion = "Xcode 14.0";
			developmentRegion = en;
			hasScannedForEncodings = 0;
			knownRegions = (
				en,
				Base,
			);
			mainGroup = 22F887E82C7BF6F60082FB54;
			productRefGroup = 22F887F22C7BF6F60082FB54 /* Products */;
			projectDirPath = "";
			projectRoot = "";
			targets = (
				22F887F02C7BF6F60082FB54 /* Camera App */,
				22F888062C7BF6F70082FB54 /* Camera AppTests */,
				22F888102C7BF6F70082FB54 /* Camera AppUITests */,
			);
		};
/* End PBXProject section */

/* Begin PBXResourcesBuildPhase section */
		22F887EF2C7BF6F60082FB54 /* Resources */ = {
			isa = PBXResourcesBuildPhase;
			buildActionMask = 2147483647;
			files = (
				22F887FE2C7BF6F70082FB54 /* Assets.xcassets in Resources */,
				22F888012C7BF6F70082FB54 /* Base in Resources */,
				22F887FC2C7BF6F60082FB54 /* Base in Resources */,
			);
			runOnlyForDeploymentPostprocessing = 0;
		};
		22F888052C7BF6F70082FB54 /* Resources */ = {
			isa = PBXResourcesBuildPhase;
			buildActionMask = 2147483647;
			files = (
			);
			runOnlyForDeploymentPostprocessing = 0;
		};
		22F8880F2C7BF6F70082FB54 /* Resources */ = {
			isa = PBXResourcesBuildPhase;
			buildActionMask = 2147483647;
			files = (
			);
			runOnlyForDeploymentPostprocessing = 0;
		};
/* End PBXResourcesBuildPhase section */

/* Begin PBXSourcesBuildPhase section */
		22F887ED2C7BF6F60082FB54 /* Sources */ = {
			isa = PBXSourcesBuildPhase;
			buildActionMask = 2147483647;
			files = (
				22F887F92C7BF6F60082FB54 /* ViewController.swift in Sources */,
				22F887F52C7BF6F60082FB54 /* AppDelegate.swift in Sources */,
				22F887F72C7BF6F60082FB54 /* SceneDelegate.swift in Sources */,
			);
			runOnlyForDeploymentPostprocessing = 0;
		};
		22F888032C7BF6F70082FB54 /* Sources */ = {
			isa = PBXSourcesBuildPhase;
			buildActionMask = 2147483647;
			files = (
				22F8880C2C7BF6F70082FB54 /* Camera_AppTests.swift in Sources */,
			);
			runOnlyForDeploymentPostprocessing = 0;
		};
		22F8880D2C7BF6F70082FB54 /* Sources */ = {
			isa = PBXSourcesBuildPhase;
			buildActionMask = 2147483647;
			files = (
				22F888162C7BF6F70082FB54 /* Camera_AppUITests.swift in Sources */,
				22F888182C7BF6F70082FB54 /* Camera_AppUITestsLaunchTests.swift in Sources */,
			);
			runOnlyForDeploymentPostprocessing = 0;
		};
/* End PBXSourcesBuildPhase section */

/* Begin PBXTargetDependency section */
		22F888092C7BF6F70082FB54 /* PBXTargetDependency */ = {
			isa = PBXTargetDependency;
			target = 22F887F02C7BF6F60082FB54 /* Camera App */;
			targetProxy = 22F888082C7BF6F70082FB54 /* PBXContainerItemProxy */;
		};
		22F888132C7BF6F70082FB54 /* PBXTargetDependency */ = {
			isa = PBXTargetDependency;
			target = 22F887F02C7BF6F60082FB54 /* Camera App */;
			targetProxy = 22F888122C7BF6F70082FB54 /* PBXContainerItemProxy */;
		};
/* End PBXTargetDependency section */

/* Begin PBXVariantGroup section */
		22F887FA2C7BF6F60082FB54 /* Main.storyboard */ = {
			isa = PBXVariantGroup;
			children = (
				22F887FB2C7BF6F60082FB54 /* Base */,
			);
			name = Main.storyboard;
			sourceTree = "<group>";
		};
		22F887FF2C7BF6F70082FB54 /* LaunchScreen.storyboard */ = {
			isa = PBXVariantGroup;
			children = (
				22F888002C7BF6F70082FB54 /* Base */,
			);
			name = LaunchScreen.storyboard;
			sourceTree = "<group>";
		};
/* End PBXVariantGroup section */

/* Begin XCBuildConfiguration section */
		22F888192C7BF6F70082FB54 /* Debug */ = {
			isa = XCBuildConfiguration;
			buildSettings = {
				ALWAYS_SEARCH_USER_PATHS = NO;
				ASSETCATALOG_COMPILER_GENERATE_SWIFT_ASSET_SYMBOL_EXTENSIONS = YES;
				CLANG_ANALYZER_NONNULL = YES;
				CLANG_ANALYZER_NUMBER_OBJECT_CONVERSION = YES_AGGRESSIVE;
				CLANG_CXX_LANGUAGE_STANDARD = "gnu++20";
				CLANG_ENABLE_MODULES = YES;
				CLANG_ENABLE_OBJC_ARC = YES;
				CLANG_ENABLE_OBJC_WEAK = YES;
				CLANG_WARN_BLOCK_CAPTURE_AUTORELEASING = YES;
				CLANG_WARN_BOOL_CONVERSION = YES;
				CLANG_WARN_COMMA = YES;
				CLANG_WARN_CONSTANT_CONVERSION = YES;
				CLANG_WARN_DEPRECATED_OBJC_IMPLEMENTATIONS = YES;
				CLANG_WARN_DIRECT_OBJC_ISA_USAGE = YES_ERROR;
				CLANG_WARN_DOCUMENTATION_COMMENTS = YES;
				CLANG_WARN_EMPTY_BODY = YES;
				CLANG_WARN_ENUM_CONVERSION = YES;
				CLANG_WARN_INFINITE_RECURSION = YES;
				CLANG_WARN_INT_CONVERSION = YES;
				CLANG_WARN_NON_LITERAL_NULL_CONVERSION = YES;
				CLANG_WARN_OBJC_IMPLICIT_RETAIN_SELF = YES;
				CLANG_WARN_OBJC_LITERAL_CONVERSION = YES;
				CLANG_WARN_OBJC_ROOT_CLASS = YES_ERROR;
				CLANG_WARN_QUOTED_INCLUDE_IN_FRAMEWORK_HEADER = YES;
				CLANG_WARN_RANGE_LOOP_ANALYSIS = YES;
				CLANG_WARN_STRICT_PROTOTYPES = YES;
				CLANG_WARN_SUSPICIOUS_MOVE = YES;
				CLANG_WARN_UNGUARDED_AVAILABILITY = YES_AGGRESSIVE;
				CLANG_WARN_UNREACHABLE_CODE = YES;
				CLANG_WARN__DUPLICATE_METHOD_MATCH = YES;
				COPY_PHASE_STRIP = NO;
				DEBUG_INFORMATION_FORMAT = dwarf;
				ENABLE_STRICT_OBJC_MSGSEND = YES;
				ENABLE_TESTABILITY = YES;
				ENABLE_USER_SCRIPT_SANDBOXING = YES;
				GCC_C_LANGUAGE_STANDARD = gnu17;
				GCC_DYNAMIC_NO_PIC = NO;
				GCC_NO_COMMON_BLOCKS = YES;
				GCC_OPTIMIZATION_LEVEL = 0;
				GCC_PREPROCESSOR_DEFINITIONS = (
					"DEBUG=1",
					"$(inherited)",
				);
				GCC_WARN_64_TO_32_BIT_CONVERSION = YES;
				GCC_WARN_ABOUT_RETURN_TYPE = YES_ERROR;
				GCC_WARN_UNDECLARED_SELECTOR = YES;
				GCC_WARN_UNINITIALIZED_AUTOS = YES_AGGRESSIVE;
				GCC_WARN_UNUSED_FUNCTION = YES;
				GCC_WARN_UNUSED_VARIABLE = YES;
				IPHONEOS_DEPLOYMENT_TARGET = 17.4;
				LOCALIZATION_PREFERS_STRING_CATALOGS = YES;
				MTL_ENABLE_DEBUG_INFO = INCLUDE_SOURCE;
				MTL_FAST_MATH = YES;
				ONLY_ACTIVE_ARCH = YES;
				SDKROOT = iphoneos;
				SWIFT_ACTIVE_COMPILATION_CONDITIONS = "DEBUG $(inherited)";
				SWIFT_OPTIMIZATION_LEVEL = "-Onone";
			};
			name = Debug;
		};
		22F8881A2C7BF6F70082FB54 /* Release */ = {
			isa = XCBuildConfiguration;
			buildSettings = {
				ALWAYS_SEARCH_USER_PATHS = NO;
				ASSETCATALOG_COMPILER_GENERATE_SWIFT_ASSET_SYMBOL_EXTENSIONS = YES;
				CLANG_ANALYZER_NONNULL = YES;
				CLANG_ANALYZER_NUMBER_OBJECT_CONVERSION = YES_AGGRESSIVE;
				CLANG_CXX_LANGUAGE_STANDARD = "gnu++20";
				CLANG_ENABLE_MODULES = YES;
				CLANG_ENABLE_OBJC_ARC = YES;
				CLANG_ENABLE_OBJC_WEAK = YES;
				CLANG_WARN_BLOCK_CAPTURE_AUTORELEASING = YES;
				CLANG_WARN_BOOL_CONVERSION = YES;
				CLANG_WARN_COMMA = YES;
				CLANG_WARN_CONSTANT_CONVERSION = YES;
				CLANG_WARN_DEPRECATED_OBJC_IMPLEMENTATIONS = YES;
				CLANG_WARN_DIRECT_OBJC_ISA_USAGE = YES_ERROR;
				CLANG_WARN_DOCUMENTATION_COMMENTS = YES;
				CLANG_WARN_EMPTY_BODY = YES;
				CLANG_WARN_ENUM_CONVERSION = YES;
				CLANG_WARN_INFINITE_RECURSION = YES;
				CLANG_WARN_INT_CONVERSION = YES;
				CLANG_WARN_NON_LITERAL_NULL_CONVERSION = YES;
				CLANG_WARN_OBJC_IMPLICIT_RETAIN_SELF = YES;
				CLANG_WARN_OBJC_LITERAL_CONVERSION = YES;
				CLANG_WARN_OBJC_ROOT_CLASS = YES_ERROR;
				CLANG_WARN_QUOTED_INCLUDE_IN_FRAMEWORK_HEADER = YES;
				CLANG_WARN_RANGE_LOOP_ANALYSIS = YES;
				CLANG_WARN_STRICT_PROTOTYPES = YES;
				CLANG_WARN_SUSPICIOUS_MOVE = YES;
				CLANG_WARN_UNGUARDED_AVAILABILITY = YES_AGGRESSIVE;
				CLANG_WARN_UNREACHABLE_CODE = YES;
				CLANG_WARN__DUPLICATE_METHOD_MATCH = YES;
				COPY_PHASE_STRIP = NO;
				DEBUG_INFORMATION_FORMAT = "dwarf-with-dsym";
				ENABLE_NS_ASSERTIONS = NO;
				ENABLE_STRICT_OBJC_MSGSEND = YES;
				ENABLE_USER_SCRIPT_SANDBOXING = YES;
				GCC_C_LANGUAGE_STANDARD = gnu17;
				GCC_NO_COMMON_BLOCKS = YES;
				GCC_WARN_64_TO_32_BIT_CONVERSION = YES;
				GCC_WARN_ABOUT_RETURN_TYPE = YES_ERROR;
				GCC_WARN_UNDECLARED_SELECTOR = YES;
				GCC_WARN_UNINITIALIZED_AUTOS = YES_AGGRESSIVE;
				GCC_WARN_UNUSED_FUNCTION = YES;
				GCC_WARN_UNUSED_VARIABLE = YES;
				IPHONEOS_DEPLOYMENT_TARGET = 17.4;
				LOCALIZATION_PREFERS_STRING_CATALOGS = YES;
				MTL_ENABLE_DEBUG_INFO = NO;
				MTL_FAST_MATH = YES;
				SDKROOT = iphoneos;
				SWIFT_COMPILATION_MODE = wholemodule;
				VALIDATE_PRODUCT = YES;
			};
			name = Release;
		};
		22F8881C2C7BF6F70082FB54 /* Debug */ = {
			isa = XCBuildConfiguration;
			buildSettings = {
				ASSETCATALOG_COMPILER_APPICON_NAME = AppIcon;
				ASSETCATALOG_COMPILER_GLOBAL_ACCENT_COLOR_NAME = AccentColor;
				CODE_SIGN_STYLE = Automatic;
				CURRENT_PROJECT_VERSION = 1;
				DEVELOPMENT_TEAM = QDBUMUN6AJ;
				GENERATE_INFOPLIST_FILE = YES;
				INFOPLIST_FILE = "Camera App/Info.plist";
				INFOPLIST_KEY_UIApplicationSupportsIndirectInputEvents = YES;
				INFOPLIST_KEY_UILaunchStoryboardName = LaunchScreen;
				INFOPLIST_KEY_UIMainStoryboardFile = Main;
				INFOPLIST_KEY_UISupportedInterfaceOrientations_iPad = "UIInterfaceOrientationPortrait UIInterfaceOrientationPortraitUpsideDown UIInterfaceOrientationLandscapeLeft UIInterfaceOrientationLandscapeRight";
				INFOPLIST_KEY_UISupportedInterfaceOrientations_iPhone = "UIInterfaceOrientationPortrait UIInterfaceOrientationLandscapeLeft UIInterfaceOrientationLandscapeRight";
				LD_RUNPATH_SEARCH_PATHS = (
					"$(inherited)",
					"@executable_path/Frameworks",
				);
				MARKETING_VERSION = 1.0;
				PRODUCT_BUNDLE_IDENTIFIER = "com.identifer.Camera-App";
				PRODUCT_NAME = "$(TARGET_NAME)";
				SWIFT_EMIT_LOC_STRINGS = YES;
				SWIFT_VERSION = 5.0;
				TARGETED_DEVICE_FAMILY = "1,2";
			};
			name = Debug;
		};
		22F8881D2C7BF6F70082FB54 /* Release */ = {
			isa = XCBuildConfiguration;
			buildSettings = {
				ASSETCATALOG_COMPILER_APPICON_NAME = AppIcon;
				ASSETCATALOG_COMPILER_GLOBAL_ACCENT_COLOR_NAME = AccentColor;
				CODE_SIGN_STYLE = Automatic;
				CURRENT_PROJECT_VERSION = 1;
				DEVELOPMENT_TEAM = QDBUMUN6AJ;
				GENERATE_INFOPLIST_FILE = YES;
				INFOPLIST_FILE = "Camera App/Info.plist";
				INFOPLIST_KEY_UIApplicationSupportsIndirectInputEvents = YES;
				INFOPLIST_KEY_UILaunchStoryboardName = LaunchScreen;
				INFOPLIST_KEY_UIMainStoryboardFile = Main;
				INFOPLIST_KEY_UISupportedInterfaceOrientations_iPad = "UIInterfaceOrientationPortrait UIInterfaceOrientationPortraitUpsideDown UIInterfaceOrientationLandscapeLeft UIInterfaceOrientationLandscapeRight";
				INFOPLIST_KEY_UISupportedInterfaceOrientations_iPhone = "UIInterfaceOrientationPortrait UIInterfaceOrientationLandscapeLeft UIInterfaceOrientationLandscapeRight";
				LD_RUNPATH_SEARCH_PATHS = (
					"$(inherited)",
					"@executable_path/Frameworks",
				);
				MARKETING_VERSION = 1.0;
				PRODUCT_BUNDLE_IDENTIFIER = "com.identifer.Camera-App";
				PRODUCT_NAME = "$(TARGET_NAME)";
				SWIFT_EMIT_LOC_STRINGS = YES;
				SWIFT_VERSION = 5.0;
				TARGETED_DEVICE_FAMILY = "1,2";
			};
			name = Release;
		};
		22F8881F2C7BF6F70082FB54 /* Debug */ = {
			isa = XCBuildConfiguration;
			buildSettings = {
				ALWAYS_EMBED_SWIFT_STANDARD_LIBRARIES = YES;
				BUNDLE_LOADER = "$(TEST_HOST)";
				CODE_SIGN_STYLE = Automatic;
				CURRENT_PROJECT_VERSION = 1;
				GENERATE_INFOPLIST_FILE = YES;
				IPHONEOS_DEPLOYMENT_TARGET = 17.4;
				MARKETING_VERSION = 1.0;
				PRODUCT_BUNDLE_IDENTIFIER = "com.identifer.Camera-AppTests";
				PRODUCT_NAME = "$(TARGET_NAME)";
				SWIFT_EMIT_LOC_STRINGS = NO;
				SWIFT_VERSION = 5.0;
				TARGETED_DEVICE_FAMILY = "1,2";
				TEST_HOST = "$(BUILT_PRODUCTS_DIR)/Camera App.app/$(BUNDLE_EXECUTABLE_FOLDER_PATH)/Camera App";
			};
			name = Debug;
		};
		22F888202C7BF6F70082FB54 /* Release */ = {
			isa = XCBuildConfiguration;
			buildSettings = {
				ALWAYS_EMBED_SWIFT_STANDARD_LIBRARIES = YES;
				BUNDLE_LOADER = "$(TEST_HOST)";
				CODE_SIGN_STYLE = Automatic;
				CURRENT_PROJECT_VERSION = 1;
				GENERATE_INFOPLIST_FILE = YES;
				IPHONEOS_DEPLOYMENT_TARGET = 17.4;
				MARKETING_VERSION = 1.0;
				PRODUCT_BUNDLE_IDENTIFIER = "com.identifer.Camera-AppTests";
				PRODUCT_NAME = "$(TARGET_NAME)";
				SWIFT_EMIT_LOC_STRINGS = NO;
				SWIFT_VERSION = 5.0;
				TARGETED_DEVICE_FAMILY = "1,2";
				TEST_HOST = "$(BUILT_PRODUCTS_DIR)/Camera App.app/$(BUNDLE_EXECUTABLE_FOLDER_PATH)/Camera App";
			};
			name = Release;
		};
		22F888222C7BF6F70082FB54 /* Debug */ = {
			isa = XCBuildConfiguration;
			buildSettings = {
				ALWAYS_EMBED_SWIFT_STANDARD_LIBRARIES = YES;
				CODE_SIGN_STYLE = Automatic;
				CURRENT_PROJECT_VERSION = 1;
				GENERATE_INFOPLIST_FILE = YES;
				MARKETING_VERSION = 1.0;
				PRODUCT_BUNDLE_IDENTIFIER = "com.identifer.Camera-AppUITests";
				PRODUCT_NAME = "$(TARGET_NAME)";
				SWIFT_EMIT_LOC_STRINGS = NO;
				SWIFT_VERSION = 5.0;
				TARGETED_DEVICE_FAMILY = "1,2";
				TEST_TARGET_NAME = "Camera App";
			};
			name = Debug;
		};
		22F888232C7BF6F70082FB54 /* Release */ = {
			isa = XCBuildConfiguration;
			buildSettings = {
				ALWAYS_EMBED_SWIFT_STANDARD_LIBRARIES = YES;
				CODE_SIGN_STYLE = Automatic;
				CURRENT_PROJECT_VERSION = 1;
				GENERATE_INFOPLIST_FILE = YES;
				MARKETING_VERSION = 1.0;
				PRODUCT_BUNDLE_IDENTIFIER = "com.identifer.Camera-AppUITests";
				PRODUCT_NAME = "$(TARGET_NAME)";
				SWIFT_EMIT_LOC_STRINGS = NO;
				SWIFT_VERSION = 5.0;
				TARGETED_DEVICE_FAMILY = "1,2";
				TEST_TARGET_NAME = "Camera App";
			};
			name = Release;
		};
/* End XCBuildConfiguration section */

/* Begin XCConfigurationList section */
		22F887EC2C7BF6F60082FB54 /* Build configuration list for PBXProject "Camera App" */ = {
			isa = XCConfigurationList;
			buildConfigurations = (
				22F888192C7BF6F70082FB54 /* Debug */,
				22F8881A2C7BF6F70082FB54 /* Release */,
			);
			defaultConfigurationIsVisible = 0;
			defaultConfigurationName = Release;
		};
		22F8881B2C7BF6F70082FB54 /* Build configuration list for PBXNativeTarget "Camera App" */ = {
			isa = XCConfigurationList;
			buildConfigurations = (
				22F8881C2C7BF6F70082FB54 /* Debug */,
				22F8881D2C7BF6F70082FB54 /* Release */,
			);
			defaultConfigurationIsVisible = 0;
			defaultConfigurationName = Release;
		};
		22F8881E2C7BF6F70082FB54 /* Build configuration list for PBXNativeTarget "Camera AppTests" */ = {
			isa = XCConfigurationList;
			buildConfigurations = (
				22F8881F2C7BF6F70082FB54 /* Debug */,
				22F888202C7BF6F70082FB54 /* Release */,
			);
			defaultConfigurationIsVisible = 0;
			defaultConfigurationName = Release;
		};
		22F888212C7BF6F70082FB54 /* Build configuration list for PBXNativeTarget "Camera AppUITests" */ = {
			isa = XCConfigurationList;
			buildConfigurations = (
				22F888222C7BF6F70082FB54 /* Debug */,
				22F888232C7BF6F70082FB54 /* Release */,
			);
			defaultConfigurationIsVisible = 0;
			defaultConfigurationName = Release;
		};
/* End XCConfigurationList section */
	};
	rootObject = 22F887E92C7BF6F60082FB54 /* Project object */;
}
